
Microsoft Visual Studio Solution File, Format Version 12.00
# Visual Studio Version 16
VisualStudioVersion = 16.0.29709.97
MinimumVisualStudioVersion = 10.0.40219.1
Project("{FAE04EC0-301F-11D3-BF4B-00C04F79EFBC}") = "SmartAPI.Api", "SmartAPI.Api\SmartAPI.Api.csproj", "{5262C9C8-CC17-4489-B3DF-CC16DBB58FBE}"
EndProject
Project("{FAE04EC0-301F-11D3-BF4B-00C04F79EFBC}") = "SmartAPI.Business", "SmartAPI.Business\SmartAPI.Business.csproj", "{3A98FC51-877D-421D-AF45-E9BF52B401CF}"
EndProject
Project("{FAE04EC0-301F-11D3-BF4B-00C04F79EFBC}") = "SmartAPI.Tests", "SmartAPI.Business.Tests\SmartAPI.Tests.csproj", "{AADDE8EE-2D1D-4039-BAFC-DEF4BECB4FC4}"
EndProject
Project("{FAE04EC0-301F-11D3-BF4B-00C04F79EFBC}") = "SmartAPI.Entidades", "SmartAPI.Entidades\SmartAPI.Entidades.csproj", "{81E88C09-1293-4012-A5FD-4E9B01FC81D4}"
EndProject
Project("{FAE04EC0-301F-11D3-BF4B-00C04F79EFBC}") = "SmartAPI.Dados", "SmartAPI.Dados\SmartAPI.Dados.csproj", "{62749A20-8CD0-438A-9B6D-987518A41660}"
EndProject
Global
	GlobalSection(SolutionConfigurationPlatforms) = preSolution
		Debug|Any CPU = Debug|Any CPU
		Release|Any CPU = Release|Any CPU
	EndGlobalSection
	GlobalSection(ProjectConfigurationPlatforms) = postSolution
		{5262C9C8-CC17-4489-B3DF-CC16DBB58FBE}.Debug|Any CPU.ActiveCfg = Debug|Any CPU
		{5262C9C8-CC17-4489-B3DF-CC16DBB58FBE}.Debug|Any CPU.Build.0 = Debug|Any CPU
		{5262C9C8-CC17-4489-B3DF-CC16DBB58FBE}.Release|Any CPU.ActiveCfg = Release|Any CPU
		{5262C9C8-CC17-4489-B3DF-CC16DBB58FBE}.Release|Any CPU.Build.0 = Release|Any CPU
		{3A98FC51-877D-421D-AF45-E9BF52B401CF}.Debug|Any CPU.ActiveCfg = Debug|Any CPU
		{3A98FC51-877D-421D-AF45-E9BF52B401CF}.Debug|Any CPU.Build.0 = Debug|Any CPU
		{3A98FC51-877D-421D-AF45-E9BF52B401CF}.Release|Any CPU.ActiveCfg = Release|Any CPU
		{3A98FC51-877D-421D-AF45-E9BF52B401CF}.Release|Any CPU.Build.0 = Release|Any CPU
		{AADDE8EE-2D1D-4039-BAFC-DEF4BECB4FC4}.Debug|Any CPU.ActiveCfg = Debug|Any CPU
		{AADDE8EE-2D1D-4039-BAFC-DEF4BECB4FC4}.Debug|Any CPU.Build.0 = Debug|Any CPU
		{AADDE8EE-2D1D-4039-BAFC-DEF4BECB4FC4}.Release|Any CPU.ActiveCfg = Release|Any CPU
		{AADDE8EE-2D1D-4039-BAFC-DEF4BECB4FC4}.Release|Any CPU.Build.0 = Release|Any CPU
		{81E88C09-1293-4012-A5FD-4E9B01FC81D4}.Debug|Any CPU.ActiveCfg = Debug|Any CPU
		{81E88C09-1293-4012-A5FD-4E9B01FC81D4}.Debug|Any CPU.Build.0 = Debug|Any CPU
		{81E88C09-1293-4012-A5FD-4E9B01FC81D4}.Release|Any CPU.ActiveCfg = Release|Any CPU
		{81E88C09-1293-4012-A5FD-4E9B01FC81D4}.Release|Any CPU.Build.0 = Release|Any CPU
		{62749A20-8CD0-438A-9B6D-987518A41660}.Debug|Any CPU.ActiveCfg = Debug|Any CPU
		{62749A20-8CD0-438A-9B6D-987518A41660}.Debug|Any CPU.Build.0 = Debug|Any CPU
		{62749A20-8CD0-438A-9B6D-987518A41660}.Release|Any CPU.ActiveCfg = Release|Any CPU
		{62749A20-8CD0-438A-9B6D-987518A41660}.Release|Any CPU.Build.0 = Release|Any CPU
	EndGlobalSection
	GlobalSection(SolutionProperties) = preSolution
		HideSolutionNode = FALSE
	EndGlobalSection
	GlobalSection(ExtensibilityGlobals) = postSolution
		SolutionGuid = {B48BE8E8-92CC-4CEE-92AE-42EBDD67AE66}
	EndGlobalSection
EndGlobal
